
Microsoft Visual Studio Solution File, Format Version 12.00
# Visual Studio 15
VisualStudioVersion = 15.0.28306.52
MinimumVisualStudioVersion = 10.0.40219.1
Project("{FAE04EC0-301F-11D3-BF4B-00C04F79EFBC}") = "Chat", "Chat\Chat.csproj", "{BDF3E72D-39F8-449B-BA93-4C456F52045D}"
EndProject
Global
	GlobalSection(SolutionConfigurationPlatforms) = preSolution
		Debug|Any CPU = Debug|Any CPU
		Release|Any CPU = Release|Any CPU
	EndGlobalSection
	GlobalSection(ProjectConfigurationPlatforms) = postSolution
		{BDF3E72D-39F8-449B-BA93-4C456F52045D}.Debug|Any CPU.ActiveCfg = Debug|Any CPU
		{BDF3E72D-39F8-449B-BA93-4C456F52045D}.Debug|Any CPU.Build.0 = Debug|Any CPU
		{BDF3E72D-39F8-449B-BA93-4C456F52045D}.Release|Any CPU.ActiveCfg = Release|Any CPU
		{BDF3E72D-39F8-449B-BA93-4C456F52045D}.Release|Any CPU.Build.0 = Release|Any CPU
	EndGlobalSection
	GlobalSection(SolutionProperties) = preSolution
		HideSolutionNode = FALSE
	EndGlobalSection
	GlobalSection(ExtensibilityGlobals) = postSolution
		SolutionGuid = {0B95CE18-12CD-4269-AEBC-77E3BF39DAB4}
	EndGlobalSection
EndGlobal
